
Microsoft Visual Studio Solution File, Format Version 12.00
# Visual Studio Version 16
VisualStudioVersion = 16.0.30621.155
MinimumVisualStudioVersion = 10.0.40219.1
Project("{FAE04EC0-301F-11D3-BF4B-00C04F79EFBC}") = "InzeratnyPortal", "InzeratnyPortal.csproj", "{BECE2ADF-75AF-45BA-8789-F9E3AB872C20}"
EndProject
Global
	GlobalSection(SolutionConfigurationPlatforms) = preSolution
		Debug|Any CPU = Debug|Any CPU
		Release|Any CPU = Release|Any CPU
	EndGlobalSection
	GlobalSection(ProjectConfigurationPlatforms) = postSolution
		{BECE2ADF-75AF-45BA-8789-F9E3AB872C20}.Debug|Any CPU.ActiveCfg = Debug|Any CPU
		{BECE2ADF-75AF-45BA-8789-F9E3AB872C20}.Debug|Any CPU.Build.0 = Debug|Any CPU
		{BECE2ADF-75AF-45BA-8789-F9E3AB872C20}.Release|Any CPU.ActiveCfg = Release|Any CPU
		{BECE2ADF-75AF-45BA-8789-F9E3AB872C20}.Release|Any CPU.Build.0 = Release|Any CPU
	EndGlobalSection
	GlobalSection(SolutionProperties) = preSolution
		HideSolutionNode = FALSE
	EndGlobalSection
	GlobalSection(ExtensibilityGlobals) = postSolution
		SolutionGuid = {D7CE2E87-C7FF-4283-8F93-E95B4F48C246}
	EndGlobalSection
EndGlobal
